
Microsoft Visual Studio Solution File, Format Version 12.00
# Visual Studio 2012
Project("{FAE04EC0-301F-11D3-BF4B-00C04F79EFBC}") = "EulerProblems", "EulerProblems\EulerProblems.csproj", "{092BDEE7-CF75-44CB-85F8-7FE110FB1664}"
EndProject
Project("{FAE04EC0-301F-11D3-BF4B-00C04F79EFBC}") = "EulerTests", "EulerTests\EulerTests.csproj", "{C7135AE5-2CD9-46BC-980E-0C740314F909}"
EndProject
Global
	GlobalSection(SolutionConfigurationPlatforms) = preSolution
		Debug|Any CPU = Debug|Any CPU
		Release|Any CPU = Release|Any CPU
	EndGlobalSection
	GlobalSection(ProjectConfigurationPlatforms) = postSolution
		{092BDEE7-CF75-44CB-85F8-7FE110FB1664}.Debug|Any CPU.ActiveCfg = Debug|Any CPU
		{092BDEE7-CF75-44CB-85F8-7FE110FB1664}.Debug|Any CPU.Build.0 = Debug|Any CPU
		{092BDEE7-CF75-44CB-85F8-7FE110FB1664}.Release|Any CPU.ActiveCfg = Release|Any CPU
		{092BDEE7-CF75-44CB-85F8-7FE110FB1664}.Release|Any CPU.Build.0 = Release|Any CPU
		{C7135AE5-2CD9-46BC-980E-0C740314F909}.Debug|Any CPU.ActiveCfg = Debug|Any CPU
		{C7135AE5-2CD9-46BC-980E-0C740314F909}.Debug|Any CPU.Build.0 = Debug|Any CPU
		{C7135AE5-2CD9-46BC-980E-0C740314F909}.Release|Any CPU.ActiveCfg = Release|Any CPU
		{C7135AE5-2CD9-46BC-980E-0C740314F909}.Release|Any CPU.Build.0 = Release|Any CPU
	EndGlobalSection
	GlobalSection(SolutionProperties) = preSolution
		HideSolutionNode = FALSE
	EndGlobalSection
EndGlobal
